{
  "name": "br-phone-utils",
  "version": "1.0.0",
  "lockfileVersion": 3,
  "requires": true,
  "packages": {
    "": {
      "name": "br-phone-utils",
      "version": "1.0.0",
      "license": "MIT",
      "bin": {
        "br-phone": "bin/br-phone.js"
      },
      "engines": {
        "node": ">=18"
      }
    }
  }
}
